<?xml version="1.0" encoding="UTF-8" standalone="yes" ?>
<CodeBlocks_project_file>
	<FileVersion major="1" minor="6" />
	<Project>
		<Option title="AssaultCube" />
		<Option platforms="Unix;" />
		<Option makefile_is_custom="1" />
		<Option execution_dir="../src" />
		<Option pch_mode="2" />
		<Option default_target="default" />
		<Option compiler="gcc" />
		<MakeCommands>
			<Build command="$make -f $makefile $target" />
			<CompileFile command="$make -f $makefile $file" />
			<Clean command="$make -f $makefile clean" />
			<DistClean command="$make -f $makefile distclean$target" />
			<AskRebuildNeeded command="$make -q -f $makefile $target" />
			<SilentBuild command="$make -f $makefile $target &gt; $(CMD_NULL)" />
		</MakeCommands>
		<Build>
			<Target title="default">
				<Option platforms="Unix;" />
				<Option output="../../bin_unix/native_client" prefix_auto="0" extension_auto="0" />
				<Option working_dir="../../" />
				<Option object_output="../src" />
				<Option type="1" />
				<Option compiler="gcc" />
				<Option projectCompilerOptionsRelation="1" />
				<Option projectResourceIncludeDirsRelation="1" />
				<MakeCommands>
					<Build command="$make -f $makefile client_install" />
					<CompileFile command="$make -f $makefile $file" />
					<Clean command="$make -f $makefile clean" />
					<DistClean command="$make -f $makefile distclean$target" />
					<AskRebuildNeeded command="$make -q -f $makefile client" />
					<SilentBuild command="$make -f $makefile client_install &gt; $(CMD_NULL)" />
				</MakeCommands>
			</Target>
			<Target title="debug">
				<Option platforms="Unix;" />
				<Option output="../../bin_unix/native_client" prefix_auto="0" extension_auto="0" />
				<Option working_dir="../../" />
				<Option object_output="../src" />
				<Option type="1" />
				<Option compiler="gcc" />
				<Option parameters="-t" />
				<Option projectResourceIncludeDirsRelation="1" />
				<MakeCommands>
					<Build command="$make -f $makefile client_install ACDEBUG=yes" />
					<CompileFile command="$make -f $makefile $file" />
					<Clean command="$make -f $makefile clean" />
					<DistClean command="$make -f $makefile distclean$target" />
					<AskRebuildNeeded command="$make -q -f $makefile client" />
					<SilentBuild command="$make -f $makefile client_install ACDEBUG=yes &gt; $(CMD_NULL)" />
				</MakeCommands>
			</Target>
			<Target title="server">
				<Option platforms="Unix;" />
				<Option output="../../bin_unix/native_server" prefix_auto="0" extension_auto="0" />
				<Option working_dir="../../" />
				<Option object_output="../src" />
				<Option type="1" />
				<Option compiler="gcc" />
				<Option projectResourceIncludeDirsRelation="1" />
				<MakeCommands>
					<Build command="$make -f $makefile $target_install" />
					<CompileFile command="$make -f $makefile $file" />
					<Clean command="$make -f $makefile clean" />
					<DistClean command="$make -f $makefile distclean$target" />
					<AskRebuildNeeded command="$make -q -f $makefile $target" />
					<SilentBuild command="$make -f $makefile $target_install &gt; $(CMD_NULL)" />
				</MakeCommands>
			</Target>
			<Target title="server-debug">
				<Option platforms="Unix;" />
				<Option output="../../bin_unix/native_server" prefix_auto="0" extension_auto="0" />
				<Option working_dir="../../" />
				<Option object_output="../src" />
				<Option type="1" />
				<Option compiler="gcc" />
				<Option parameters="-mlocalhost" />
				<Option projectResourceIncludeDirsRelation="1" />
				<MakeCommands>
					<Build command="$make -f $makefile server_install ACDEBUG=yes" />
					<CompileFile command="$make -f $makefile $file" />
					<Clean command="$make -f $makefile clean" />
					<DistClean command="$make -f $makefile distclean$target" />
					<AskRebuildNeeded command="$make -q -f $makefile server" />
					<SilentBuild command="$make -f $makefile server_install ACDEBUG=yes &gt; $(CMD_NULL)" />
				</MakeCommands>
			</Target>
			<Target title="master">
				<Option platforms="Unix;" />
				<Option output="../src/ac_master" prefix_auto="0" extension_auto="0" />
				<Option working_dir="../src" />
				<Option object_output="../src" />
				<Option type="1" />
				<Option compiler="gcc" />
				<Option projectResourceIncludeDirsRelation="1" />
				<MakeCommands>
					<Build command="$make -f $makefile $target" />
					<CompileFile command="$make -f $makefile $file" />
					<Clean command="$make -f $makefile clean" />
					<DistClean command="$make -f $makefile distclean$target" />
					<AskRebuildNeeded command="$make -q -f $makefile $target" />
					<SilentBuild command="$make -f $makefile $target &gt; $(CMD_NULL)" />
				</MakeCommands>
			</Target>
		</Build>
		<VirtualTargets>
			<Add alias="All" targets="default;server;" />
		</VirtualTargets>
		<Unit filename="../../config/admin.cfg" />
		<Unit filename="../../config/autoexec.cfg" />
		<Unit filename="../../config/autostart/0.cfg" />
		<Unit filename="../../config/autostart/welcome.cfg" />
		<Unit filename="../../config/default_map_settings.cfg" />
		<Unit filename="../../config/defaults.cfg" />
		<Unit filename="../../config/docs.cfg" />
		<Unit filename="../../config/favourites.cfg" />
		<Unit filename="../../config/font.cfg" />
		<Unit filename="../../config/font_default.cfg" />
		<Unit filename="../../config/font_monospace.cfg" />
		<Unit filename="../../config/font_serif.cfg" />
		<Unit filename="../../config/forbidden.cfg" />
		<Unit filename="../../config/keymap.cfg" />
		<Unit filename="../../config/maprot.cfg" />
		<Unit filename="../../config/menus.cfg" />
		<Unit filename="../../config/menus_bot.cfg" />
		<Unit filename="../../config/menus_edit.cfg" />
		<Unit filename="../../config/menus_licenses.cfg" />
		<Unit filename="../../config/menus_multiplayer.cfg" />
		<Unit filename="../../config/menus_settings.cfg" />
		<Unit filename="../../config/menus_voicecom.cfg" />
		<Unit filename="../../config/motd_en.txt" />
		<Unit filename="../../config/nicknameblacklist.cfg" />
		<Unit filename="../../config/opt/alternateeditbinds.cfg" />
		<Unit filename="../../config/opt/autosave.cfg" />
		<Unit filename="../../config/opt/compatibility.cfg" />
		<Unit filename="../../config/opt/faq.cfg" />
		<Unit filename="../../config/opt/parsestring.cfg" />
		<Unit filename="../../config/opt/survival.cfg" />
		<Unit filename="../../config/pcksources.cfg" />
		<Unit filename="../../config/prefabs.cfg" />
		<Unit filename="../../config/resetbinds.cfg" />
		<Unit filename="../../config/scontext.cfg" />
		<Unit filename="../../config/scripts.cfg" />
		<Unit filename="../../config/securemaps.cfg" />
		<Unit filename="../../config/serverblacklist.cfg" />
		<Unit filename="../../config/servercmdline.txt" />
		<Unit filename="../../config/serverinfo_en.txt" />
		<Unit filename="../../config/serverpwd.cfg" />
		<Unit filename="../../config/sounds.cfg" />
		<Unit filename="../src/audiomanager.cpp">
			<Option target="&lt;{~None~}&gt;" />
		</Unit>
		<Unit filename="../src/autodownload.cpp">
			<Option target="&lt;{~None~}&gt;" />
		</Unit>
		<Unit filename="../src/bot/ac_bot.cpp">
			<Option target="&lt;{~None~}&gt;" />
		</Unit>
		<Unit filename="../src/bot/ac_bot.h">
			<Option target="&lt;{~None~}&gt;" />
		</Unit>
		<Unit filename="../src/bot/ac_bot_ai.cpp">
			<Option target="&lt;{~None~}&gt;" />
		</Unit>
		<Unit filename="../src/bot/bot.cpp">
			<Option target="&lt;{~None~}&gt;" />
		</Unit>
		<Unit filename="../src/bot/bot.h">
			<Option target="&lt;{~None~}&gt;" />
		</Unit>
		<Unit filename="../src/bot/bot_ai.cpp">
			<Option target="&lt;{~None~}&gt;" />
		</Unit>
		<Unit filename="../src/bot/bot_util.cpp">
			<Option target="&lt;{~None~}&gt;" />
		</Unit>
		<Unit filename="../src/bot/bot_util.h">
			<Option target="&lt;{~None~}&gt;" />
		</Unit>
		<Unit filename="../src/bot/bot_waypoint.cpp">
			<Option target="&lt;{~None~}&gt;" />
		</Unit>
		<Unit filename="../src/bot/bot_waypoint.h">
			<Option target="&lt;{~None~}&gt;" />
		</Unit>
		<Unit filename="../src/bot/botmanager.cpp">
			<Option target="&lt;{~None~}&gt;" />
		</Unit>
		<Unit filename="../src/client.cpp">
			<Option target="&lt;{~None~}&gt;" />
		</Unit>
		<Unit filename="../src/clientgame.cpp">
			<Option target="&lt;{~None~}&gt;" />
		</Unit>
		<Unit filename="../src/clients2c.cpp">
			<Option target="&lt;{~None~}&gt;" />
		</Unit>
		<Unit filename="../src/command.cpp">
			<Option target="&lt;{~None~}&gt;" />
		</Unit>
		<Unit filename="../src/command.h">
			<Option target="&lt;{~None~}&gt;" />
		</Unit>
		<Unit filename="../src/console.cpp">
			<Option target="&lt;{~None~}&gt;" />
		</Unit>
		<Unit filename="../src/console.h">
			<Option target="&lt;{~None~}&gt;" />
		</Unit>
		<Unit filename="../src/crypto.cpp">
			<Option target="&lt;{~None~}&gt;" />
		</Unit>
		<Unit filename="../src/crypto_tools.h">
			<Option target="&lt;{~None~}&gt;" />
		</Unit>
		<Unit filename="../src/cube.h">
			<Option target="&lt;{~None~}&gt;" />
		</Unit>
		<Unit filename="../src/docs.cpp">
			<Option target="&lt;{~None~}&gt;" />
		</Unit>
		<Unit filename="../src/editing.cpp">
			<Option target="&lt;{~None~}&gt;" />
		</Unit>
		<Unit filename="../src/entities.cpp">
			<Option target="&lt;{~None~}&gt;" />
		</Unit>
		<Unit filename="../src/entity.h">
			<Option target="&lt;{~None~}&gt;" />
		</Unit>
		<Unit filename="../src/geom.h">
			<Option target="&lt;{~None~}&gt;" />
		</Unit>
		<Unit filename="../src/http.cpp">
			<Option target="&lt;{~None~}&gt;" />
		</Unit>
		<Unit filename="../src/hudgun.h">
			<Option target="&lt;{~None~}&gt;" />
		</Unit>
		<Unit filename="../src/jpegenc.h">
			<Option target="&lt;{~None~}&gt;" />
		</Unit>
		<Unit filename="../src/log.cpp">
			<Option target="&lt;{~None~}&gt;" />
		</Unit>
		<Unit filename="../src/main.cpp">
			<Option target="&lt;{~None~}&gt;" />
		</Unit>
		<Unit filename="../src/master.cpp">
			<Option target="&lt;{~None~}&gt;" />
		</Unit>
		<Unit filename="../src/md2.h">
			<Option target="&lt;{~None~}&gt;" />
		</Unit>
		<Unit filename="../src/md3.h">
			<Option target="&lt;{~None~}&gt;" />
		</Unit>
		<Unit filename="../src/menus.cpp">
			<Option target="&lt;{~None~}&gt;" />
		</Unit>
		<Unit filename="../src/model.h">
			<Option target="&lt;{~None~}&gt;" />
		</Unit>
		<Unit filename="../src/modelcache.h">
			<Option target="&lt;{~None~}&gt;" />
		</Unit>
		<Unit filename="../src/oggstream.cpp">
			<Option target="&lt;{~None~}&gt;" />
		</Unit>
		<Unit filename="../src/openal.cpp">
			<Option target="&lt;{~None~}&gt;" />
		</Unit>
		<Unit filename="../src/packetqueue.cpp">
			<Option target="&lt;{~None~}&gt;" />
		</Unit>
		<Unit filename="../src/physics.cpp">
			<Option target="&lt;{~None~}&gt;" />
		</Unit>
		<Unit filename="../src/platform.h">
			<Option target="&lt;{~None~}&gt;" />
		</Unit>
		<Unit filename="../src/protocol.cpp">
			<Option target="&lt;{~None~}&gt;" />
		</Unit>
		<Unit filename="../src/protocol.h">
			<Option target="&lt;{~None~}&gt;" />
		</Unit>
		<Unit filename="../src/protos.h">
			<Option target="&lt;{~None~}&gt;" />
		</Unit>
		<Unit filename="../src/rendercubes.cpp">
			<Option target="&lt;{~None~}&gt;" />
		</Unit>
		<Unit filename="../src/rendergl.cpp">
			<Option target="&lt;{~None~}&gt;" />
		</Unit>
		<Unit filename="../src/renderhud.cpp">
			<Option target="&lt;{~None~}&gt;" />
		</Unit>
		<Unit filename="../src/rendermodel.cpp">
			<Option target="&lt;{~None~}&gt;" />
		</Unit>
		<Unit filename="../src/renderparticles.cpp">
			<Option target="&lt;{~None~}&gt;" />
		</Unit>
		<Unit filename="../src/rendertext.cpp">
			<Option target="&lt;{~None~}&gt;" />
		</Unit>
		<Unit filename="../src/rndmap.cpp">
			<Option target="&lt;{~None~}&gt;" />
		</Unit>
		<Unit filename="../src/scale.h">
			<Option target="&lt;{~None~}&gt;" />
		</Unit>
		<Unit filename="../src/scoreboard.cpp">
			<Option target="&lt;{~None~}&gt;" />
		</Unit>
		<Unit filename="../src/server.cpp">
			<Option target="&lt;{~None~}&gt;" />
		</Unit>
		<Unit filename="../src/server.h">
			<Option target="&lt;{~None~}&gt;" />
		</Unit>
		<Unit filename="../src/serveractions.h">
			<Option target="&lt;{~None~}&gt;" />
		</Unit>
		<Unit filename="../src/serverbrowser.cpp">
			<Option target="&lt;{~None~}&gt;" />
		</Unit>
		<Unit filename="../src/serverchecks.h">
			<Option target="&lt;{~None~}&gt;" />
		</Unit>
		<Unit filename="../src/servercontroller.h">
			<Option target="&lt;{~None~}&gt;" />
		</Unit>
		<Unit filename="../src/serverevents.h">
			<Option target="&lt;{~None~}&gt;" />
		</Unit>
		<Unit filename="../src/serverfiles.h">
			<Option target="&lt;{~None~}&gt;" />
		</Unit>
		<Unit filename="../src/serverms.cpp">
			<Option target="&lt;{~None~}&gt;" />
		</Unit>
		<Unit filename="../src/shadow.cpp">
			<Option target="&lt;{~None~}&gt;" />
		</Unit>
		<Unit filename="../src/sound.h">
			<Option target="&lt;{~None~}&gt;" />
		</Unit>
		<Unit filename="../src/soundlocation.cpp">
			<Option target="&lt;{~None~}&gt;" />
		</Unit>
		<Unit filename="../src/soundscheduler.cpp">
			<Option target="&lt;{~None~}&gt;" />
		</Unit>
		<Unit filename="../src/stream.cpp">
			<Option target="&lt;{~None~}&gt;" />
		</Unit>
		<Unit filename="../src/texture.cpp">
			<Option target="&lt;{~None~}&gt;" />
		</Unit>
		<Unit filename="../src/tools.cpp">
			<Option target="&lt;{~None~}&gt;" />
		</Unit>
		<Unit filename="../src/tools.h">
			<Option target="&lt;{~None~}&gt;" />
		</Unit>
		<Unit filename="../src/tristrip.h">
			<Option target="&lt;{~None~}&gt;" />
		</Unit>
		<Unit filename="../src/varray.h">
			<Option target="&lt;{~None~}&gt;" />
		</Unit>
		<Unit filename="../src/vertmodel.h">
			<Option target="&lt;{~None~}&gt;" />
		</Unit>
		<Unit filename="../src/vote.h">
			<Option target="&lt;{~None~}&gt;" />
		</Unit>
		<Unit filename="../src/water.cpp">
			<Option target="&lt;{~None~}&gt;" />
		</Unit>
		<Unit filename="../src/weapon.cpp">
			<Option target="&lt;{~None~}&gt;" />
		</Unit>
		<Unit filename="../src/weapon.h">
			<Option target="&lt;{~None~}&gt;" />
		</Unit>
		<Unit filename="../src/winserviceinstaller.h">
			<Option target="&lt;{~None~}&gt;" />
		</Unit>
		<Unit filename="../src/wizard.cpp">
			<Option target="&lt;{~None~}&gt;" />
		</Unit>
		<Unit filename="../src/world.cpp">
			<Option target="&lt;{~None~}&gt;" />
		</Unit>
		<Unit filename="../src/world.h">
			<Option target="&lt;{~None~}&gt;" />
		</Unit>
		<Unit filename="../src/worldio.cpp">
			<Option target="&lt;{~None~}&gt;" />
		</Unit>
		<Unit filename="../src/worldlight.cpp">
			<Option target="&lt;{~None~}&gt;" />
		</Unit>
		<Unit filename="../src/worldocull.cpp">
			<Option target="&lt;{~None~}&gt;" />
		</Unit>
		<Unit filename="../src/worldrender.cpp">
			<Option target="&lt;{~None~}&gt;" />
		</Unit>
		<Unit filename="../src/zip.cpp">
			<Option target="&lt;{~None~}&gt;" />
		</Unit>
		<Extensions>
			<code_completion />
			<envvars />
			<lib_finder disable_auto="1" />
			<debugger />
		</Extensions>
	</Project>
</CodeBlocks_project_file>
